
Microsoft Visual Studio Solution File, Format Version 12.00
# Visual Studio 14
VisualStudioVersion = 14.0.24720.0
MinimumVisualStudioVersion = 10.0.40219.1
Project("{FAE04EC0-301F-11D3-BF4B-00C04F79EFBC}") = "minesweeper", "minesweeper\minesweeper.csproj", "{2EEC7A11-D455-46F9-8AB1-B156FA2B1CFC}"
EndProject
Global
	GlobalSection(SolutionConfigurationPlatforms) = preSolution
		Debug|Any CPU = Debug|Any CPU
		Release|Any CPU = Release|Any CPU
	EndGlobalSection
	GlobalSection(ProjectConfigurationPlatforms) = postSolution
		{2EEC7A11-D455-46F9-8AB1-B156FA2B1CFC}.Debug|Any CPU.ActiveCfg = Debug|Any CPU
		{2EEC7A11-D455-46F9-8AB1-B156FA2B1CFC}.Debug|Any CPU.Build.0 = Debug|Any CPU
		{2EEC7A11-D455-46F9-8AB1-B156FA2B1CFC}.Release|Any CPU.ActiveCfg = Release|Any CPU
		{2EEC7A11-D455-46F9-8AB1-B156FA2B1CFC}.Release|Any CPU.Build.0 = Release|Any CPU
	EndGlobalSection
	GlobalSection(SolutionProperties) = preSolution
		HideSolutionNode = FALSE
	EndGlobalSection
EndGlobal
